// !$*UTF8*$!
{
	archiveVersion = 1;
	classes = {
	};
	objectVersion = 48;
	objects = {

/* Begin PBXBuildFile section */
		F810322D1F2BFD940064866F /* main.swift in Sources */ = {isa = PBXBuildFile; fileRef = F810322C1F2BFD940064866F /* main.swift */; };
		F81032341F2BFE010064866F /* ConsoleIO.swift in Sources */ = {isa = PBXBuildFile; fileRef = F81032331F2BFE010064866F /* ConsoleIO.swift */; };
		F81032361F2BFEDC0064866F /* Panagram.swift in Sources */ = {isa = PBXBuildFile; fileRef = F81032351F2BFEDC0064866F /* Panagram.swift */; };
		F8DDFF351F2D2EEC006B47D8 /* Tags_Items.swift in Sources */ = {isa = PBXBuildFile; fileRef = F8DDFF341F2D2EEC006B47D8 /* Tags_Items.swift */; };
		F8E326E81F2DAE8E007F8B55 /* Package.swift in Sources */ = {isa = PBXBuildFile; fileRef = F8E326E61F2DAE8E007F8B55 /* Package.swift */; };
		F8E326E91F2DB081007F8B55 /* ParticleTests.swift in Sources */ = {isa = PBXBuildFile; fileRef = F8E326E11F2DAE63007F8B55 /* ParticleTests.swift */; };
/* End PBXBuildFile section */

/* Begin PBXCopyFilesBuildPhase section */
		F81032271F2BFD940064866F /* CopyFiles */ = {
			isa = PBXCopyFilesBuildPhase;
			buildActionMask = 2147483647;
			dstPath = /usr/share/man/man1/;
			dstSubfolderSpec = 0;
			files = (
			);
			runOnlyForDeploymentPostprocessing = 1;
		};
/* End PBXCopyFilesBuildPhase section */

/* Begin PBXFileReference section */
		F81032291F2BFD940064866F /* ParticleTracker */ = {isa = PBXFileReference; explicitFileType = "compiled.mach-o.executable"; includeInIndex = 0; path = ParticleTracker; sourceTree = BUILT_PRODUCTS_DIR; };
		F810322C1F2BFD940064866F /* main.swift */ = {isa = PBXFileReference; lastKnownFileType = sourcecode.swift; path = main.swift; sourceTree = "<group>"; };
		F81032331F2BFE010064866F /* ConsoleIO.swift */ = {isa = PBXFileReference; lastKnownFileType = sourcecode.swift; path = ConsoleIO.swift; sourceTree = "<group>"; };
		F81032351F2BFEDC0064866F /* Panagram.swift */ = {isa = PBXFileReference; lastKnownFileType = sourcecode.swift; path = Panagram.swift; sourceTree = "<group>"; };
		F8957CB31F2E855D00AE3ED1 /* IUEspGFP_S385a-001.xml */ = {isa = PBXFileReference; fileEncoding = 4; lastKnownFileType = text.xml; path = "IUEspGFP_S385a-001.xml"; sourceTree = "<group>"; };
		F8957CB41F2E855D00AE3ED1 /* IUEspGFP_S385a-001_Cycle00001_CurrentSettings_Ch2_000001.tif */ = {isa = PBXFileReference; lastKnownFileType = image.tiff; path = "IUEspGFP_S385a-001_Cycle00001_CurrentSettings_Ch2_000001.tif"; sourceTree = "<group>"; };
		F8957CB51F2E855D00AE3ED1 /* IUEspGFP_S385a-001_Cycle00001_CurrentSettings_Ch2_000002.tif */ = {isa = PBXFileReference; lastKnownFileType = image.tiff; path = "IUEspGFP_S385a-001_Cycle00001_CurrentSettings_Ch2_000002.tif"; sourceTree = "<group>"; };
		F8957CB61F2E855D00AE3ED1 /* IUEspGFP_S385a-001_Cycle00001_CurrentSettings_Ch2_000003.tif */ = {isa = PBXFileReference; lastKnownFileType = image.tiff; path = "IUEspGFP_S385a-001_Cycle00001_CurrentSettings_Ch2_000003.tif"; sourceTree = "<group>"; };
		F8957CB71F2E855D00AE3ED1 /* IUEspGFP_S385a-001_Cycle00001_CurrentSettings_Ch2_000004.tif */ = {isa = PBXFileReference; lastKnownFileType = image.tiff; path = "IUEspGFP_S385a-001_Cycle00001_CurrentSettings_Ch2_000004.tif"; sourceTree = "<group>"; };
		F8957CB81F2E855D00AE3ED1 /* IUEspGFP_S385a-001_Cycle00001_CurrentSettings_Ch2_000005.tif */ = {isa = PBXFileReference; lastKnownFileType = image.tiff; path = "IUEspGFP_S385a-001_Cycle00001_CurrentSettings_Ch2_000005.tif"; sourceTree = "<group>"; };
		F8957CB91F2E855D00AE3ED1 /* IUEspGFP_S385a-001_Cycle00001_CurrentSettings_Ch2_000006.tif */ = {isa = PBXFileReference; lastKnownFileType = image.tiff; path = "IUEspGFP_S385a-001_Cycle00001_CurrentSettings_Ch2_000006.tif"; sourceTree = "<group>"; };
		F8957CBA1F2E855D00AE3ED1 /* IUEspGFP_S385a-001_ImageWindow1Ch2-ZSeriesReference.tif */ = {isa = PBXFileReference; lastKnownFileType = image.tiff; path = "IUEspGFP_S385a-001_ImageWindow1Ch2-ZSeriesReference.tif"; sourceTree = "<group>"; };
		F8957CBB1F2E855D00AE3ED1 /* IUEspGFP_S385a-001Config.cfg */ = {isa = PBXFileReference; fileEncoding = 4; lastKnownFileType = text.xml; path = "IUEspGFP_S385a-001Config.cfg"; sourceTree = "<group>"; };
		F8957CBC1F2E855D00AE3ED1 /* singleframe.txt */ = {isa = PBXFileReference; fileEncoding = 4; lastKnownFileType = text; path = singleframe.txt; sourceTree = "<group>"; };
		F8DDFF281F2C14E1006B47D8 /* Media.xcassets */ = {isa = PBXFileReference; lastKnownFileType = folder.assetcatalog; path = Media.xcassets; sourceTree = "<group>"; };
		F8DDFF341F2D2EEC006B47D8 /* Tags_Items.swift */ = {isa = PBXFileReference; lastKnownFileType = sourcecode.swift; path = Tags_Items.swift; sourceTree = "<group>"; };
		F8E326831F2DA0D0007F8B55 /* ParticleTests.xctest */ = {isa = PBXFileReference; explicitFileType = wrapper.cfbundle; includeInIndex = 0; path = ParticleTests.xctest; sourceTree = BUILT_PRODUCTS_DIR; };
		F8E326E01F2DAE63007F8B55 /* Info.plist */ = {isa = PBXFileReference; fileEncoding = 4; lastKnownFileType = text.plist.xml; path = Info.plist; sourceTree = "<group>"; };
		F8E326E11F2DAE63007F8B55 /* ParticleTests.swift */ = {isa = PBXFileReference; fileEncoding = 4; lastKnownFileType = sourcecode.swift; path = ParticleTests.swift; sourceTree = "<group>"; };
		F8E326E41F2DAE8E007F8B55 /* CHANGELOG.md */ = {isa = PBXFileReference; fileEncoding = 4; lastKnownFileType = net.daringfireball.markdown; path = CHANGELOG.md; sourceTree = "<group>"; };
		F8E326E51F2DAE8E007F8B55 /* LICENSE.txt */ = {isa = PBXFileReference; fileEncoding = 4; lastKnownFileType = text; path = LICENSE.txt; sourceTree = "<group>"; };
		F8E326E61F2DAE8E007F8B55 /* Package.swift */ = {isa = PBXFileReference; fileEncoding = 4; lastKnownFileType = sourcecode.swift; path = Package.swift; sourceTree = "<group>"; };
		F8E326E71F2DAE8E007F8B55 /* README.md */ = {isa = PBXFileReference; fileEncoding = 4; lastKnownFileType = net.daringfireball.markdown; path = README.md; sourceTree = "<group>"; };
		F8E326EB1F2DBC72007F8B55 /* REQUIREMENTS.md */ = {isa = PBXFileReference; lastKnownFileType = net.daringfireball.markdown; path = REQUIREMENTS.md; sourceTree = "<group>"; };
/* End PBXFileReference section */

/* Begin PBXFrameworksBuildPhase section */
		F81032261F2BFD940064866F /* Frameworks */ = {
			isa = PBXFrameworksBuildPhase;
			buildActionMask = 2147483647;
			files = (
			);
			runOnlyForDeploymentPostprocessing = 0;
		};
		F8E326801F2DA0D0007F8B55 /* Frameworks */ = {
			isa = PBXFrameworksBuildPhase;
			buildActionMask = 2147483647;
			files = (
			);
			runOnlyForDeploymentPostprocessing = 0;
		};
/* End PBXFrameworksBuildPhase section */

/* Begin PBXGroup section */
		F81032201F2BFD940064866F = {
			isa = PBXGroup;
			children = (
				F8E326E41F2DAE8E007F8B55 /* CHANGELOG.md */,
				F8E326EB1F2DBC72007F8B55 /* REQUIREMENTS.md */,
				F8E326E51F2DAE8E007F8B55 /* LICENSE.txt */,
				F8E326E61F2DAE8E007F8B55 /* Package.swift */,
				F8E326E71F2DAE8E007F8B55 /* README.md */,
				F810322B1F2BFD940064866F /* ParticleTracker */,
				F8E326DF1F2DAE63007F8B55 /* ParticleTests */,
				F8957CB21F2E855D00AE3ED1 /* DataFiles */,
				F810322A1F2BFD940064866F /* Products */,
				F8DDFF2B1F2D224D006B47D8 /* Frameworks */,
			);
			sourceTree = "<group>";
		};
		F810322A1F2BFD940064866F /* Products */ = {
			isa = PBXGroup;
			children = (
				F81032291F2BFD940064866F /* ParticleTracker */,
				F8E326831F2DA0D0007F8B55 /* ParticleTests.xctest */,
			);
			name = Products;
			sourceTree = "<group>";
		};
		F810322B1F2BFD940064866F /* ParticleTracker */ = {
			isa = PBXGroup;
			children = (
				F810322C1F2BFD940064866F /* main.swift */,
				F81032331F2BFE010064866F /* ConsoleIO.swift */,
				F81032351F2BFEDC0064866F /* Panagram.swift */,
				F8DDFF341F2D2EEC006B47D8 /* Tags_Items.swift */,
				F8DDFF281F2C14E1006B47D8 /* Media.xcassets */,
			);
			path = ParticleTracker;
			sourceTree = "<group>";
		};
		F8957CB21F2E855D00AE3ED1 /* DataFiles */ = {
			isa = PBXGroup;
			children = (
				F8957CB31F2E855D00AE3ED1 /* IUEspGFP_S385a-001.xml */,
				F8957CB41F2E855D00AE3ED1 /* IUEspGFP_S385a-001_Cycle00001_CurrentSettings_Ch2_000001.tif */,
				F8957CB51F2E855D00AE3ED1 /* IUEspGFP_S385a-001_Cycle00001_CurrentSettings_Ch2_000002.tif */,
				F8957CB61F2E855D00AE3ED1 /* IUEspGFP_S385a-001_Cycle00001_CurrentSettings_Ch2_000003.tif */,
				F8957CB71F2E855D00AE3ED1 /* IUEspGFP_S385a-001_Cycle00001_CurrentSettings_Ch2_000004.tif */,
				F8957CB81F2E855D00AE3ED1 /* IUEspGFP_S385a-001_Cycle00001_CurrentSettings_Ch2_000005.tif */,
				F8957CB91F2E855D00AE3ED1 /* IUEspGFP_S385a-001_Cycle00001_CurrentSettings_Ch2_000006.tif */,
				F8957CBA1F2E855D00AE3ED1 /* IUEspGFP_S385a-001_ImageWindow1Ch2-ZSeriesReference.tif */,
				F8957CBB1F2E855D00AE3ED1 /* IUEspGFP_S385a-001Config.cfg */,
				F8957CBC1F2E855D00AE3ED1 /* singleframe.txt */,
			);
			path = DataFiles;
			sourceTree = "<group>";
		};
		F8DDFF2B1F2D224D006B47D8 /* Frameworks */ = {
			isa = PBXGroup;
			children = (
			);
			name = Frameworks;
			sourceTree = "<group>";
		};
		F8E326DF1F2DAE63007F8B55 /* ParticleTests */ = {
			isa = PBXGroup;
			children = (
				F8E326E01F2DAE63007F8B55 /* Info.plist */,
				F8E326E11F2DAE63007F8B55 /* ParticleTests.swift */,
			);
			path = ParticleTests;
			sourceTree = SOURCE_ROOT;
		};
/* End PBXGroup section */

/* Begin PBXNativeTarget section */
		F81032281F2BFD940064866F /* ParticleTracker */ = {
			isa = PBXNativeTarget;
			buildConfigurationList = F81032301F2BFD940064866F /* Build configuration list for PBXNativeTarget "ParticleTracker" */;
			buildPhases = (
				F81032251F2BFD940064866F /* Sources */,
				F81032261F2BFD940064866F /* Frameworks */,
				F81032271F2BFD940064866F /* CopyFiles */,
			);
			buildRules = (
			);
			dependencies = (
			);
			name = ParticleTracker;
			productName = ParticleTracker;
			productReference = F81032291F2BFD940064866F /* ParticleTracker */;
			productType = "com.apple.product-type.tool";
		};
		F8E326821F2DA0D0007F8B55 /* ParticleTests */ = {
			isa = PBXNativeTarget;
			buildConfigurationList = F8E326881F2DA0D0007F8B55 /* Build configuration list for PBXNativeTarget "ParticleTests" */;
			buildPhases = (
				F8E3267F1F2DA0D0007F8B55 /* Sources */,
				F8E326801F2DA0D0007F8B55 /* Frameworks */,
				F8E326811F2DA0D0007F8B55 /* Resources */,
			);
			buildRules = (
			);
			dependencies = (
			);
			name = ParticleTests;
			productName = ParticleTests;
			productReference = F8E326831F2DA0D0007F8B55 /* ParticleTests.xctest */;
			productType = "com.apple.product-type.bundle.unit-test";
		};
/* End PBXNativeTarget section */

/* Begin PBXProject section */
		F81032211F2BFD940064866F /* Project object */ = {
			isa = PBXProject;
			attributes = {
				LastSwiftUpdateCheck = 0900;
				LastUpgradeCheck = 0900;
				ORGANIZATIONNAME = "Don Sleeter";
				TargetAttributes = {
					F81032281F2BFD940064866F = {
						CreatedOnToolsVersion = 9.0;
					};
					F8E326821F2DA0D0007F8B55 = {
						CreatedOnToolsVersion = 9.0;
					};
				};
			};
			buildConfigurationList = F81032241F2BFD940064866F /* Build configuration list for PBXProject "ParticleTracker" */;
			compatibilityVersion = "Xcode 8.0";
			developmentRegion = en;
			hasScannedForEncodings = 0;
			knownRegions = (
				en,
			);
			mainGroup = F81032201F2BFD940064866F;
			productRefGroup = F810322A1F2BFD940064866F /* Products */;
			projectDirPath = "";
			projectRoot = "";
			targets = (
				F81032281F2BFD940064866F /* ParticleTracker */,
				F8E326821F2DA0D0007F8B55 /* ParticleTests */,
			);
		};
/* End PBXProject section */

/* Begin PBXResourcesBuildPhase section */
		F8E326811F2DA0D0007F8B55 /* Resources */ = {
			isa = PBXResourcesBuildPhase;
			buildActionMask = 2147483647;
			files = (
			);
			runOnlyForDeploymentPostprocessing = 0;
		};
/* End PBXResourcesBuildPhase section */

/* Begin PBXSourcesBuildPhase section */
		F81032251F2BFD940064866F /* Sources */ = {
			isa = PBXSourcesBuildPhase;
			buildActionMask = 2147483647;
			files = (
				F810322D1F2BFD940064866F /* main.swift in Sources */,
				F81032341F2BFE010064866F /* ConsoleIO.swift in Sources */,
				F8E326E81F2DAE8E007F8B55 /* Package.swift in Sources */,
				F81032361F2BFEDC0064866F /* Panagram.swift in Sources */,
				F8DDFF351F2D2EEC006B47D8 /* Tags_Items.swift in Sources */,
			);
			runOnlyForDeploymentPostprocessing = 0;
		};
		F8E3267F1F2DA0D0007F8B55 /* Sources */ = {
			isa = PBXSourcesBuildPhase;
			buildActionMask = 2147483647;
			files = (
				F8E326E91F2DB081007F8B55 /* ParticleTests.swift in Sources */,
			);
			runOnlyForDeploymentPostprocessing = 0;
		};
/* End PBXSourcesBuildPhase section */

/* Begin XCBuildConfiguration section */
		F810322E1F2BFD940064866F /* Debug */ = {
			isa = XCBuildConfiguration;
			buildSettings = {
				ALWAYS_SEARCH_USER_PATHS = NO;
				CLANG_ANALYZER_NONNULL = YES;
				CLANG_ANALYZER_NUMBER_OBJECT_CONVERSION = YES_AGGRESSIVE;
				CLANG_CXX_LANGUAGE_STANDARD = "gnu++14";
				CLANG_CXX_LIBRARY = "libc++";
				CLANG_ENABLE_MODULES = YES;
				CLANG_ENABLE_OBJC_ARC = YES;
				CLANG_WARN_BLOCK_CAPTURE_AUTORELEASING = YES;
				CLANG_WARN_BOOL_CONVERSION = YES;
				CLANG_WARN_COMMA = YES;
				CLANG_WARN_CONSTANT_CONVERSION = YES;
				CLANG_WARN_DIRECT_OBJC_ISA_USAGE = YES_ERROR;
				CLANG_WARN_DOCUMENTATION_COMMENTS = YES;
				CLANG_WARN_EMPTY_BODY = YES;
				CLANG_WARN_ENUM_CONVERSION = YES;
				CLANG_WARN_INFINITE_RECURSION = YES;
				CLANG_WARN_INT_CONVERSION = YES;
				CLANG_WARN_NON_LITERAL_NULL_CONVERSION = YES;
				CLANG_WARN_OBJC_LITERAL_CONVERSION = YES;
				CLANG_WARN_OBJC_ROOT_CLASS = YES_ERROR;
				CLANG_WARN_RANGE_LOOP_ANALYSIS = YES;
				CLANG_WARN_STRICT_PROTOTYPES = YES;
				CLANG_WARN_SUSPICIOUS_MOVE = YES;
				CLANG_WARN_UNGUARDED_AVAILABILITY = YES_AGGRESSIVE;
				CLANG_WARN_UNREACHABLE_CODE = YES;
				CLANG_WARN__DUPLICATE_METHOD_MATCH = YES;
				CODE_SIGN_IDENTITY = "Mac Developer";
				COPY_PHASE_STRIP = NO;
				DEBUG_INFORMATION_FORMAT = dwarf;
				ENABLE_STRICT_OBJC_MSGSEND = YES;
				ENABLE_TESTABILITY = YES;
				GCC_C_LANGUAGE_STANDARD = gnu11;
				GCC_DYNAMIC_NO_PIC = NO;
				GCC_NO_COMMON_BLOCKS = YES;
				GCC_OPTIMIZATION_LEVEL = 0;
				GCC_PREPROCESSOR_DEFINITIONS = (
					"DEBUG=1",
					"$(inherited)",
				);
				GCC_WARN_64_TO_32_BIT_CONVERSION = YES;
				GCC_WARN_ABOUT_RETURN_TYPE = YES_ERROR;
				GCC_WARN_UNDECLARED_SELECTOR = YES;
				GCC_WARN_UNINITIALIZED_AUTOS = YES_AGGRESSIVE;
				GCC_WARN_UNUSED_FUNCTION = YES;
				GCC_WARN_UNUSED_VARIABLE = YES;
				MACOSX_DEPLOYMENT_TARGET = 10.12;
				MTL_ENABLE_DEBUG_INFO = YES;
				ONLY_ACTIVE_ARCH = YES;
				SDKROOT = macosx;
				SWIFT_ACTIVE_COMPILATION_CONDITIONS = DEBUG;
				SWIFT_OPTIMIZATION_LEVEL = "-Onone";
			};
			name = Debug;
		};
		F810322F1F2BFD940064866F /* Release */ = {
			isa = XCBuildConfiguration;
			buildSettings = {
				ALWAYS_SEARCH_USER_PATHS = NO;
				CLANG_ANALYZER_NONNULL = YES;
				CLANG_ANALYZER_NUMBER_OBJECT_CONVERSION = YES_AGGRESSIVE;
				CLANG_CXX_LANGUAGE_STANDARD = "gnu++14";
				CLANG_CXX_LIBRARY = "libc++";
				CLANG_ENABLE_MODULES = YES;
				CLANG_ENABLE_OBJC_ARC = YES;
				CLANG_WARN_BLOCK_CAPTURE_AUTORELEASING = YES;
				CLANG_WARN_BOOL_CONVERSION = YES;
				CLANG_WARN_COMMA = YES;
				CLANG_WARN_CONSTANT_CONVERSION = YES;
				CLANG_WARN_DIRECT_OBJC_ISA_USAGE = YES_ERROR;
				CLANG_WARN_DOCUMENTATION_COMMENTS = YES;
				CLANG_WARN_EMPTY_BODY = YES;
				CLANG_WARN_ENUM_CONVERSION = YES;
				CLANG_WARN_INFINITE_RECURSION = YES;
				CLANG_WARN_INT_CONVERSION = YES;
				CLANG_WARN_NON_LITERAL_NULL_CONVERSION = YES;
				CLANG_WARN_OBJC_LITERAL_CONVERSION = YES;
				CLANG_WARN_OBJC_ROOT_CLASS = YES_ERROR;
				CLANG_WARN_RANGE_LOOP_ANALYSIS = YES;
				CLANG_WARN_STRICT_PROTOTYPES = YES;
				CLANG_WARN_SUSPICIOUS_MOVE = YES;
				CLANG_WARN_UNGUARDED_AVAILABILITY = YES_AGGRESSIVE;
				CLANG_WARN_UNREACHABLE_CODE = YES;
				CLANG_WARN__DUPLICATE_METHOD_MATCH = YES;
				CODE_SIGN_IDENTITY = "Mac Developer";
				COPY_PHASE_STRIP = NO;
				DEBUG_INFORMATION_FORMAT = "dwarf-with-dsym";
				ENABLE_NS_ASSERTIONS = NO;
				ENABLE_STRICT_OBJC_MSGSEND = YES;
				GCC_C_LANGUAGE_STANDARD = gnu11;
				GCC_NO_COMMON_BLOCKS = YES;
				GCC_WARN_64_TO_32_BIT_CONVERSION = YES;
				GCC_WARN_ABOUT_RETURN_TYPE = YES_ERROR;
				GCC_WARN_UNDECLARED_SELECTOR = YES;
				GCC_WARN_UNINITIALIZED_AUTOS = YES_AGGRESSIVE;
				GCC_WARN_UNUSED_FUNCTION = YES;
				GCC_WARN_UNUSED_VARIABLE = YES;
				MACOSX_DEPLOYMENT_TARGET = 10.12;
				MTL_ENABLE_DEBUG_INFO = NO;
				SDKROOT = macosx;
				SWIFT_OPTIMIZATION_LEVEL = "-Owholemodule";
			};
			name = Release;
		};
		F81032311F2BFD940064866F /* Debug */ = {
			isa = XCBuildConfiguration;
			buildSettings = {
				DEVELOPMENT_TEAM = 96J2PPD4HG;
				PRODUCT_NAME = "$(TARGET_NAME)";
				SWIFT_VERSION = 4.0;
			};
			name = Debug;
		};
		F81032321F2BFD940064866F /* Release */ = {
			isa = XCBuildConfiguration;
			buildSettings = {
				DEVELOPMENT_TEAM = 96J2PPD4HG;
				PRODUCT_NAME = "$(TARGET_NAME)";
				SWIFT_VERSION = 4.0;
			};
			name = Release;
		};
		F8E326891F2DA0D0007F8B55 /* Debug */ = {
			isa = XCBuildConfiguration;
			buildSettings = {
				COMBINE_HIDPI_IMAGES = YES;
				DEVELOPMENT_TEAM = 96J2PPD4HG;
				INFOPLIST_FILE = ParticleTests/Info.plist;
				LD_RUNPATH_SEARCH_PATHS = "$(inherited) @executable_path/../Frameworks @loader_path/../Frameworks";
				PRODUCT_BUNDLE_IDENTIFIER = stonecanyon.ParticleTests;
				PRODUCT_NAME = "$(TARGET_NAME)";
				SWIFT_VERSION = 4.0;
			};
			name = Debug;
		};
		F8E3268A1F2DA0D0007F8B55 /* Release */ = {
			isa = XCBuildConfiguration;
			buildSettings = {
				COMBINE_HIDPI_IMAGES = YES;
				DEVELOPMENT_TEAM = 96J2PPD4HG;
				INFOPLIST_FILE = ParticleTests/Info.plist;
				LD_RUNPATH_SEARCH_PATHS = "$(inherited) @executable_path/../Frameworks @loader_path/../Frameworks";
				PRODUCT_BUNDLE_IDENTIFIER = stonecanyon.ParticleTests;
				PRODUCT_NAME = "$(TARGET_NAME)";
				SWIFT_VERSION = 4.0;
			};
			name = Release;
		};
/* End XCBuildConfiguration section */

/* Begin XCConfigurationList section */
		F81032241F2BFD940064866F /* Build configuration list for PBXProject "ParticleTracker" */ = {
			isa = XCConfigurationList;
			buildConfigurations = (
				F810322E1F2BFD940064866F /* Debug */,
				F810322F1F2BFD940064866F /* Release */,
			);
			defaultConfigurationIsVisible = 0;
			defaultConfigurationName = Release;
		};
		F81032301F2BFD940064866F /* Build configuration list for PBXNativeTarget "ParticleTracker" */ = {
			isa = XCConfigurationList;
			buildConfigurations = (
				F81032311F2BFD940064866F /* Debug */,
				F81032321F2BFD940064866F /* Release */,
			);
			defaultConfigurationIsVisible = 0;
			defaultConfigurationName = Release;
		};
		F8E326881F2DA0D0007F8B55 /* Build configuration list for PBXNativeTarget "ParticleTests" */ = {
			isa = XCConfigurationList;
			buildConfigurations = (
				F8E326891F2DA0D0007F8B55 /* Debug */,
				F8E3268A1F2DA0D0007F8B55 /* Release */,
			);
			defaultConfigurationIsVisible = 0;
			defaultConfigurationName = Release;
		};
/* End XCConfigurationList section */
	};
	rootObject = F81032211F2BFD940064866F /* Project object */;
}
